
Microsoft Visual Studio Solution File, Format Version 12.00
# Visual Studio 2013
VisualStudioVersion = 12.0.31101.0
MinimumVisualStudioVersion = 10.0.40219.1
Project("{FAE04EC0-301F-11D3-BF4B-00C04F79EFBC}") = "Pebble Connect", "Pebble Connect\Pebble Connect.csproj", "{C172E4C8-4ACE-4531-9DA0-D17B946070EF}"
EndProject
Project("{FAE04EC0-301F-11D3-BF4B-00C04F79EFBC}") = "Pebble Connect Test", "Pebble Connect Test\Pebble Connect Test.csproj", "{5B5807AF-4EE2-4AB1-889B-5CD7C367E918}"
	ProjectSection(ProjectDependencies) = postProject
		{C172E4C8-4ACE-4531-9DA0-D17B946070EF} = {C172E4C8-4ACE-4531-9DA0-D17B946070EF}
	EndProjectSection
EndProject
Global
	GlobalSection(SolutionConfigurationPlatforms) = preSolution
		Debug|Any CPU = Debug|Any CPU
		Release|Any CPU = Release|Any CPU
	EndGlobalSection
	GlobalSection(ProjectConfigurationPlatforms) = postSolution
		{C172E4C8-4ACE-4531-9DA0-D17B946070EF}.Debug|Any CPU.ActiveCfg = Debug|Any CPU
		{C172E4C8-4ACE-4531-9DA0-D17B946070EF}.Debug|Any CPU.Build.0 = Debug|Any CPU
		{C172E4C8-4ACE-4531-9DA0-D17B946070EF}.Release|Any CPU.ActiveCfg = Release|Any CPU
		{C172E4C8-4ACE-4531-9DA0-D17B946070EF}.Release|Any CPU.Build.0 = Release|Any CPU
		{5B5807AF-4EE2-4AB1-889B-5CD7C367E918}.Debug|Any CPU.ActiveCfg = Debug|Any CPU
		{5B5807AF-4EE2-4AB1-889B-5CD7C367E918}.Debug|Any CPU.Build.0 = Debug|Any CPU
		{5B5807AF-4EE2-4AB1-889B-5CD7C367E918}.Release|Any CPU.ActiveCfg = Release|Any CPU
		{5B5807AF-4EE2-4AB1-889B-5CD7C367E918}.Release|Any CPU.Build.0 = Release|Any CPU
	EndGlobalSection
	GlobalSection(SolutionProperties) = preSolution
		HideSolutionNode = FALSE
	EndGlobalSection
EndGlobal
